Microsoft Visual Studio Solution File, Format Version 10.00
# Visual Studio 2008
Project("{8BC9CEB8-8B4A-11D0-8D11-00A0C91BC942}") = "Alignment", "..\Alignment\Alignment.vcproj", "{775E1EF7-A05E-430D-8440-3C116ECD0906}"
EndProject
Project("{8BC9CEB8-8B4A-11D0-8D11-00A0C91BC942}") = "CalibProc", "..\CalibProc\CalibProc.vcproj", "{30E6F258-4268-42CC-A759-7532280D2697}"
EndProject
Project("{8BC9CEB8-8B4A-11D0-8D11-00A0C91BC942}") = "LidCalib", "LidCalib.vcproj", "{D59271A6-C9F6-4E51-938D-E1672E61912E}"
EndProject
Project("{8BC9CEB8-8B4A-11D0-8D11-00A0C91BC942}") = "LidQC", "..\LidQC\LidQC.vcproj", "{5FB39A30-A781-4B49-9146-CBC5E112395D}"
EndProject
Project("{8BC9CEB8-8B4A-11D0-8D11-00A0C91BC942}") = "RegistViewer", "..\RegistViewer\RegistViewer.vcproj", "{6E687A25-A50C-489A-9CE3-A92D2B7D9540}"
EndProject
Project("{8BC9CEB8-8B4A-11D0-8D11-00A0C91BC942}") = "TieObjMeasure", "..\TieObjMeasure\TieObjMeasure.vcproj", "{4A2D8DDB-BEE0-419D-9BB9-03FF7A4D0AEB}"
EndProject
Project("{8BC9CEB8-8B4A-11D0-8D11-00A0C91BC942}") = "lidBasLib", "..\lidBasLib\lidBasLib.vcproj", "{E2C6C6EF-2765-4CDC-B1C8-4318A01AD72F}"
EndProject
Project("{8BC9CEB8-8B4A-11D0-8D11-00A0C91BC942}") = "levmar", "..\..\external\levmar-2.5\VS2008\levmar.vcproj", "{332C4B0B-5A9A-4904-A470-4BE56DFA2D57}"
EndProject
Project("{8BC9CEB8-8B4A-11D0-8D11-00A0C91BC942}") = "ImageMatch", "..\..\src\ImageMatch\ImageMatch.vcproj", "{6EFACCE5-A1F9-4D87-945C-6817361AADA1}"
EndProject
Project("{8BC9CEB8-8B4A-11D0-8D11-00A0C91BC942}") = "IPLR", "..\..\build\vc60\IPLR\IPLR.vcproj", "{D240AB56-6436-47E5-B7F8-F7C1589C0041}"
EndProject
Project("{8BC9CEB8-8B4A-11D0-8D11-00A0C91BC942}") = "CalibUtility", "CalibUtility.vcproj", "{036F9D0E-564D-4F25-B28F-3BC51DAABCC7}"
EndProject
Project("{8BC9CEB8-8B4A-11D0-8D11-00A0C91BC942}") = "ImageRectify", "..\ImageRectify\ImageRectify.vcproj", "{59B5428F-3EA2-42CE-B8FC-522F10D4B548}"
EndProject
Project("{8BC9CEB8-8B4A-11D0-8D11-00A0C91BC942}") = "matrix", "..\..\BA\bundler-v0.3\lib\matrix\matrix.vcproj", "{036DFA58-A699-4EDC-8560-DA257B16DF9B}"
EndProject
Project("{8BC9CEB8-8B4A-11D0-8D11-00A0C91BC942}") = "POS2aop", "..\POS2aop\POS2aop.vcproj", "{47AC2993-F5A5-4149-A7E8-3E183394A10C}"
EndProject
Project("{8BC9CEB8-8B4A-11D0-8D11-00A0C91BC942}") = "TINDLL", "..\..\..\DPS\build\vc90\tindll\tinDll.vcproj", "{15650275-1E0D-4783-887C-C1270828586C}"
EndProject
Project("{8BC9CEB8-8B4A-11D0-8D11-00A0C91BC942}") = "OPTransformation", "..\OPTransformation\OPTransformation.vcproj", "{7836930B-A50D-4298-833C-977B1A11FB2C}"
EndProject
Project("{8BC9CEB8-8B4A-11D0-8D11-00A0C91BC942}") = "LasReadWriteLib", "..\..\..\desktop\build\vc90\LasReadWriteLib\LasReadWriteLib.vcproj", "{8B58ECB1-292C-4AF5-AB17-78147FB1D6F2}"
EndProject
Project("{8BC9CEB8-8B4A-11D0-8D11-00A0C91BC942}") = "FastDisplay", "..\..\..\desktop\build\vc90\gui\fastDisplay\FastDisplay.vcproj", "{E8DEB460-5234-4369-B255-6336CF7621C0}"
EndProject
Project("{8BC9CEB8-8B4A-11D0-8D11-00A0C91BC942}") = "CheckKeyPoints", "..\..\src\CheckKeyPoints\CheckKeyPoints.vcproj", "{6173A766-0F31-4DBC-8EFF-42A20AA1B524}"
EndProject
Project("{8BC9CEB8-8B4A-11D0-8D11-00A0C91BC942}") = "orsImageGeometry", "..\..\..\desktop\build\vc90\orsImageGeometry\orsImageGeometry.vcproj", "{0757E96C-D517-4BBA-8822-D7590B5B699A}"
EndProject
Project("{8BC9CEB8-8B4A-11D0-8D11-00A0C91BC942}") = "orsFrameImage", "..\..\..\desktop\build\vc90\plugins\orsFrameImage\orsFrameImage.vcproj", "{49F837D0-23D4-4ADA-8728-1B8B4A494E87}"
EndProject
Global
	GlobalSection(SolutionConfigurationPlatforms) = preSolution
		Debug|Win32 = Debug|Win32
		MinSizeRel|Win32 = MinSizeRel|Win32
		Release|Win32 = Release|Win32
		RelWithDebInfo|Win32 = RelWithDebInfo|Win32
	EndGlobalSection
	GlobalSection(ProjectConfigurationPlatforms) = postSolution
		{775E1EF7-A05E-430D-8440-3C116ECD0906}.Debug|Win32.ActiveCfg = Debug|Win32
		{775E1EF7-A05E-430D-8440-3C116ECD0906}.Debug|Win32.Build.0 = Debug|Win32
		{775E1EF7-A05E-430D-8440-3C116ECD0906}.MinSizeRel|Win32.ActiveCfg = Debug|Win32
		{775E1EF7-A05E-430D-8440-3C116ECD0906}.MinSizeRel|Win32.Build.0 = Debug|Win32
		{775E1EF7-A05E-430D-8440-3C116ECD0906}.Release|Win32.ActiveCfg = Release|Win32
		{775E1EF7-A05E-430D-8440-3C116ECD0906}.Release|Win32.Build.0 = Release|Win32
		{775E1EF7-A05E-430D-8440-3C116ECD0906}.RelWithDebInfo|Win32.ActiveCfg = Release|Win32
		{775E1EF7-A05E-430D-8440-3C116ECD0906}.RelWithDebInfo|Win32.Build.0 = Release|Win32
		{30E6F258-4268-42CC-A759-7532280D2697}.Debug|Win32.ActiveCfg = Debug|Win32
		{30E6F258-4268-42CC-A759-7532280D2697}.Debug|Win32.Build.0 = Debug|Win32
		{30E6F258-4268-42CC-A759-7532280D2697}.MinSizeRel|Win32.ActiveCfg = Debug|Win32
		{30E6F258-4268-42CC-A759-7532280D2697}.MinSizeRel|Win32.Build.0 = Debug|Win32
		{30E6F258-4268-42CC-A759-7532280D2697}.Release|Win32.ActiveCfg = Release|Win32
		{30E6F258-4268-42CC-A759-7532280D2697}.Release|Win32.Build.0 = Release|Win32
		{30E6F258-4268-42CC-A759-7532280D2697}.RelWithDebInfo|Win32.ActiveCfg = Release|Win32
		{30E6F258-4268-42CC-A759-7532280D2697}.RelWithDebInfo|Win32.Build.0 = Release|Win32
		{D59271A6-C9F6-4E51-938D-E1672E61912E}.Debug|Win32.ActiveCfg = Debug|Win32
		{D59271A6-C9F6-4E51-938D-E1672E61912E}.MinSizeRel|Win32.ActiveCfg = Debug|Win32
		{D59271A6-C9F6-4E51-938D-E1672E61912E}.MinSizeRel|Win32.Build.0 = Debug|Win32
		{D59271A6-C9F6-4E51-938D-E1672E61912E}.Release|Win32.ActiveCfg = Release|Win32
		{D59271A6-C9F6-4E51-938D-E1672E61912E}.RelWithDebInfo|Win32.ActiveCfg = Release|Win32
		{D59271A6-C9F6-4E51-938D-E1672E61912E}.RelWithDebInfo|Win32.Build.0 = Release|Win32
		{5FB39A30-A781-4B49-9146-CBC5E112395D}.Debug|Win32.ActiveCfg = Debug|Win32
		{5FB39A30-A781-4B49-9146-CBC5E112395D}.Debug|Win32.Build.0 = Debug|Win32
		{5FB39A30-A781-4B49-9146-CBC5E112395D}.MinSizeRel|Win32.ActiveCfg = Release|Win32
		{5FB39A30-A781-4B49-9146-CBC5E112395D}.MinSizeRel|Win32.Build.0 = Release|Win32
		{5FB39A30-A781-4B49-9146-CBC5E112395D}.Release|Win32.ActiveCfg = Release|Win32
		{5FB39A30-A781-4B49-9146-CBC5E112395D}.Release|Win32.Build.0 = Release|Win32
		{5FB39A30-A781-4B49-9146-CBC5E112395D}.RelWithDebInfo|Win32.ActiveCfg = Release|Win32
		{5FB39A30-A781-4B49-9146-CBC5E112395D}.RelWithDebInfo|Win32.Build.0 = Release|Win32
		{6E687A25-A50C-489A-9CE3-A92D2B7D9540}.Debug|Win32.ActiveCfg = Debug|Win32
		{6E687A25-A50C-489A-9CE3-A92D2B7D9540}.Debug|Win32.Build.0 = Debug|Win32
		{6E687A25-A50C-489A-9CE3-A92D2B7D9540}.MinSizeRel|Win32.ActiveCfg = Debug|Win32
		{6E687A25-A50C-489A-9CE3-A92D2B7D9540}.MinSizeRel|Win32.Build.0 = Debug|Win32
		{6E687A25-A50C-489A-9CE3-A92D2B7D9540}.Release|Win32.ActiveCfg = Release|Win32
		{6E687A25-A50C-489A-9CE3-A92D2B7D9540}.Release|Win32.Build.0 = Release|Win32
		{6E687A25-A50C-489A-9CE3-A92D2B7D9540}.RelWithDebInfo|Win32.ActiveCfg = Release|Win32
		{6E687A25-A50C-489A-9CE3-A92D2B7D9540}.RelWithDebInfo|Win32.Build.0 = Release|Win32
		{4A2D8DDB-BEE0-419D-9BB9-03FF7A4D0AEB}.Debug|Win32.ActiveCfg = Debug|Win32
		{4A2D8DDB-BEE0-419D-9BB9-03FF7A4D0AEB}.Debug|Win32.Build.0 = Debug|Win32
		{4A2D8DDB-BEE0-419D-9BB9-03FF7A4D0AEB}.MinSizeRel|Win32.ActiveCfg = Debug|Win32
		{4A2D8DDB-BEE0-419D-9BB9-03FF7A4D0AEB}.MinSizeRel|Win32.Build.0 = Debug|Win32
		{4A2D8DDB-BEE0-419D-9BB9-03FF7A4D0AEB}.Release|Win32.ActiveCfg = Release|Win32
		{4A2D8DDB-BEE0-419D-9BB9-03FF7A4D0AEB}.Release|Win32.Build.0 = Release|Win32
		{4A2D8DDB-BEE0-419D-9BB9-03FF7A4D0AEB}.RelWithDebInfo|Win32.ActiveCfg = Release|Win32
		{4A2D8DDB-BEE0-419D-9BB9-03FF7A4D0AEB}.RelWithDebInfo|Win32.Build.0 = Release|Win32
		{E2C6C6EF-2765-4CDC-B1C8-4318A01AD72F}.Debug|Win32.ActiveCfg = Debug|Win32
		{E2C6C6EF-2765-4CDC-B1C8-4318A01AD72F}.Debug|Win32.Build.0 = Debug|Win32
		{E2C6C6EF-2765-4CDC-B1C8-4318A01AD72F}.MinSizeRel|Win32.ActiveCfg = Release|Win32
		{E2C6C6EF-2765-4CDC-B1C8-4318A01AD72F}.MinSizeRel|Win32.Build.0 = Release|Win32
		{E2C6C6EF-2765-4CDC-B1C8-4318A01AD72F}.Release|Win32.ActiveCfg = Release|Win32
		{E2C6C6EF-2765-4CDC-B1C8-4318A01AD72F}.Release|Win32.Build.0 = Release|Win32
		{E2C6C6EF-2765-4CDC-B1C8-4318A01AD72F}.RelWithDebInfo|Win32.ActiveCfg = Release|Win32
		{E2C6C6EF-2765-4CDC-B1C8-4318A01AD72F}.RelWithDebInfo|Win32.Build.0 = Release|Win32
		{332C4B0B-5A9A-4904-A470-4BE56DFA2D57}.Debug|Win32.ActiveCfg = Debug|Win32
		{332C4B0B-5A9A-4904-A470-4BE56DFA2D57}.Debug|Win32.Build.0 = Debug|Win32
		{332C4B0B-5A9A-4904-A470-4BE56DFA2D57}.MinSizeRel|Win32.ActiveCfg = MinSizeRel|Win32
		{332C4B0B-5A9A-4904-A470-4BE56DFA2D57}.MinSizeRel|Win32.Build.0 = MinSizeRel|Win32
		{332C4B0B-5A9A-4904-A470-4BE56DFA2D57}.Release|Win32.ActiveCfg = Release|Win32
		{332C4B0B-5A9A-4904-A470-4BE56DFA2D57}.Release|Win32.Build.0 = Release|Win32
		{332C4B0B-5A9A-4904-A470-4BE56DFA2D57}.RelWithDebInfo|Win32.ActiveCfg = RelWithDebInfo|Win32
		{332C4B0B-5A9A-4904-A470-4BE56DFA2D57}.RelWithDebInfo|Win32.Build.0 = RelWithDebInfo|Win32
		{6EFACCE5-A1F9-4D87-945C-6817361AADA1}.Debug|Win32.ActiveCfg = Debug|Win32
		{6EFACCE5-A1F9-4D87-945C-6817361AADA1}.Debug|Win32.Build.0 = Debug|Win32
		{6EFACCE5-A1F9-4D87-945C-6817361AADA1}.MinSizeRel|Win32.ActiveCfg = Release|Win32
		{6EFACCE5-A1F9-4D87-945C-6817361AADA1}.MinSizeRel|Win32.Build.0 = Release|Win32
		{6EFACCE5-A1F9-4D87-945C-6817361AADA1}.Release|Win32.ActiveCfg = Release|Win32
		{6EFACCE5-A1F9-4D87-945C-6817361AADA1}.Release|Win32.Build.0 = Release|Win32
		{6EFACCE5-A1F9-4D87-945C-6817361AADA1}.RelWithDebInfo|Win32.ActiveCfg = Release|Win32
		{6EFACCE5-A1F9-4D87-945C-6817361AADA1}.RelWithDebInfo|Win32.Build.0 = Release|Win32
		{D240AB56-6436-47E5-B7F8-F7C1589C0041}.Debug|Win32.ActiveCfg = Debug|Win32
		{D240AB56-6436-47E5-B7F8-F7C1589C0041}.Debug|Win32.Build.0 = Debug|Win32
		{D240AB56-6436-47E5-B7F8-F7C1589C0041}.MinSizeRel|Win32.ActiveCfg = Release|Win32
		{D240AB56-6436-47E5-B7F8-F7C1589C0041}.MinSizeRel|Win32.Build.0 = Release|Win32
		{D240AB56-6436-47E5-B7F8-F7C1589C0041}.Release|Win32.ActiveCfg = Release|Win32
		{D240AB56-6436-47E5-B7F8-F7C1589C0041}.Release|Win32.Build.0 = Release|Win32
		{D240AB56-6436-47E5-B7F8-F7C1589C0041}.RelWithDebInfo|Win32.ActiveCfg = Release|Win32
		{D240AB56-6436-47E5-B7F8-F7C1589C0041}.RelWithDebInfo|Win32.Build.0 = Release|Win32
		{036F9D0E-564D-4F25-B28F-3BC51DAABCC7}.Debug|Win32.ActiveCfg = Debug|Win32
		{036F9D0E-564D-4F25-B28F-3BC51DAABCC7}.Debug|Win32.Build.0 = Debug|Win32
		{036F9D0E-564D-4F25-B28F-3BC51DAABCC7}.MinSizeRel|Win32.ActiveCfg = Debug|Win32
		{036F9D0E-564D-4F25-B28F-3BC51DAABCC7}.MinSizeRel|Win32.Build.0 = Debug|Win32
		{036F9D0E-564D-4F25-B28F-3BC51DAABCC7}.Release|Win32.ActiveCfg = Release|Win32
		{036F9D0E-564D-4F25-B28F-3BC51DAABCC7}.Release|Win32.Build.0 = Release|Win32
		{036F9D0E-564D-4F25-B28F-3BC51DAABCC7}.RelWithDebInfo|Win32.ActiveCfg = Release|Win32
		{036F9D0E-564D-4F25-B28F-3BC51DAABCC7}.RelWithDebInfo|Win32.Build.0 = Release|Win32
		{59B5428F-3EA2-42CE-B8FC-522F10D4B548}.Debug|Win32.ActiveCfg = Debug|Win32
		{59B5428F-3EA2-42CE-B8FC-522F10D4B548}.Debug|Win32.Build.0 = Debug|Win32
		{59B5428F-3EA2-42CE-B8FC-522F10D4B548}.MinSizeRel|Win32.ActiveCfg = Release|Win32
		{59B5428F-3EA2-42CE-B8FC-522F10D4B548}.MinSizeRel|Win32.Build.0 = Release|Win32
		{59B5428F-3EA2-42CE-B8FC-522F10D4B548}.Release|Win32.ActiveCfg = Release|Win32
		{59B5428F-3EA2-42CE-B8FC-522F10D4B548}.Release|Win32.Build.0 = Release|Win32
		{59B5428F-3EA2-42CE-B8FC-522F10D4B548}.RelWithDebInfo|Win32.ActiveCfg = Release|Win32
		{59B5428F-3EA2-42CE-B8FC-522F10D4B548}.RelWithDebInfo|Win32.Build.0 = Release|Win32
		{036DFA58-A699-4EDC-8560-DA257B16DF9B}.Debug|Win32.ActiveCfg = Debug|Win32
		{036DFA58-A699-4EDC-8560-DA257B16DF9B}.Debug|Win32.Build.0 = Debug|Win32
		{036DFA58-A699-4EDC-8560-DA257B16DF9B}.MinSizeRel|Win32.ActiveCfg = Release|Win32
		{036DFA58-A699-4EDC-8560-DA257B16DF9B}.MinSizeRel|Win32.Build.0 = Release|Win32
		{036DFA58-A699-4EDC-8560-DA257B16DF9B}.Release|Win32.ActiveCfg = Release|Win32
		{036DFA58-A699-4EDC-8560-DA257B16DF9B}.Release|Win32.Build.0 = Release|Win32
		{036DFA58-A699-4EDC-8560-DA257B16DF9B}.RelWithDebInfo|Win32.ActiveCfg = Release|Win32
		{036DFA58-A699-4EDC-8560-DA257B16DF9B}.RelWithDebInfo|Win32.Build.0 = Release|Win32
		{47AC2993-F5A5-4149-A7E8-3E183394A10C}.Debug|Win32.ActiveCfg = Debug|Win32
		{47AC2993-F5A5-4149-A7E8-3E183394A10C}.Debug|Win32.Build.0 = Debug|Win32
		{47AC2993-F5A5-4149-A7E8-3E183394A10C}.MinSizeRel|Win32.ActiveCfg = Debug|Win32
		{47AC2993-F5A5-4149-A7E8-3E183394A10C}.MinSizeRel|Win32.Build.0 = Debug|Win32
		{47AC2993-F5A5-4149-A7E8-3E183394A10C}.Release|Win32.ActiveCfg = Release|Win32
		{47AC2993-F5A5-4149-A7E8-3E183394A10C}.Release|Win32.Build.0 = Release|Win32
		{47AC2993-F5A5-4149-A7E8-3E183394A10C}.RelWithDebInfo|Win32.ActiveCfg = Release|Win32
		{47AC2993-F5A5-4149-A7E8-3E183394A10C}.RelWithDebInfo|Win32.Build.0 = Release|Win32
		{15650275-1E0D-4783-887C-C1270828586C}.Debug|Win32.ActiveCfg = Debug|Win32
		{15650275-1E0D-4783-887C-C1270828586C}.Debug|Win32.Build.0 = Debug|Win32
		{15650275-1E0D-4783-887C-C1270828586C}.MinSizeRel|Win32.ActiveCfg = Release|Win32
		{15650275-1E0D-4783-887C-C1270828586C}.MinSizeRel|Win32.Build.0 = Release|Win32
		{15650275-1E0D-4783-887C-C1270828586C}.Release|Win32.ActiveCfg = Release|Win32
		{15650275-1E0D-4783-887C-C1270828586C}.Release|Win32.Build.0 = Release|Win32
		{15650275-1E0D-4783-887C-C1270828586C}.RelWithDebInfo|Win32.ActiveCfg = Release|Win32
		{15650275-1E0D-4783-887C-C1270828586C}.RelWithDebInfo|Win32.Build.0 = Release|Win32
		{7836930B-A50D-4298-833C-977B1A11FB2C}.Debug|Win32.ActiveCfg = Debug|Win32
		{7836930B-A50D-4298-833C-977B1A11FB2C}.Debug|Win32.Build.0 = Debug|Win32
		{7836930B-A50D-4298-833C-977B1A11FB2C}.MinSizeRel|Win32.ActiveCfg = Release|Win32
		{7836930B-A50D-4298-833C-977B1A11FB2C}.MinSizeRel|Win32.Build.0 = Release|Win32
		{7836930B-A50D-4298-833C-977B1A11FB2C}.Release|Win32.ActiveCfg = Release|Win32
		{7836930B-A50D-4298-833C-977B1A11FB2C}.Release|Win32.Build.0 = Release|Win32
		{7836930B-A50D-4298-833C-977B1A11FB2C}.RelWithDebInfo|Win32.ActiveCfg = Release|Win32
		{7836930B-A50D-4298-833C-977B1A11FB2C}.RelWithDebInfo|Win32.Build.0 = Release|Win32
		{8B58ECB1-292C-4AF5-AB17-78147FB1D6F2}.Debug|Win32.ActiveCfg = Debug|Win32
		{8B58ECB1-292C-4AF5-AB17-78147FB1D6F2}.Debug|Win32.Build.0 = Debug|Win32
		{8B58ECB1-292C-4AF5-AB17-78147FB1D6F2}.MinSizeRel|Win32.ActiveCfg = Release|Win32
		{8B58ECB1-292C-4AF5-AB17-78147FB1D6F2}.MinSizeRel|Win32.Build.0 = Release|Win32
		{8B58ECB1-292C-4AF5-AB17-78147FB1D6F2}.Release|Win32.ActiveCfg = Release|Win32
		{8B58ECB1-292C-4AF5-AB17-78147FB1D6F2}.Release|Win32.Build.0 = Release|Win32
		{8B58ECB1-292C-4AF5-AB17-78147FB1D6F2}.RelWithDebInfo|Win32.ActiveCfg = Release|Win32
		{8B58ECB1-292C-4AF5-AB17-78147FB1D6F2}.RelWithDebInfo|Win32.Build.0 = Release|Win32
		{E8DEB460-5234-4369-B255-6336CF7621C0}.Debug|Win32.ActiveCfg = Debug|Win32
		{E8DEB460-5234-4369-B255-6336CF7621C0}.Debug|Win32.Build.0 = Debug|Win32
		{E8DEB460-5234-4369-B255-6336CF7621C0}.MinSizeRel|Win32.ActiveCfg = Debug|Win32
		{E8DEB460-5234-4369-B255-6336CF7621C0}.MinSizeRel|Win32.Build.0 = Debug|Win32
		{E8DEB460-5234-4369-B255-6336CF7621C0}.Release|Win32.ActiveCfg = Release|Win32
		{E8DEB460-5234-4369-B255-6336CF7621C0}.Release|Win32.Build.0 = Release|Win32
		{E8DEB460-5234-4369-B255-6336CF7621C0}.RelWithDebInfo|Win32.ActiveCfg = Release|Win32
		{E8DEB460-5234-4369-B255-6336CF7621C0}.RelWithDebInfo|Win32.Build.0 = Release|Win32
		{6173A766-0F31-4DBC-8EFF-42A20AA1B524}.Debug|Win32.ActiveCfg = Debug|Win32
		{6173A766-0F31-4DBC-8EFF-42A20AA1B524}.Debug|Win32.Build.0 = Debug|Win32
		{6173A766-0F31-4DBC-8EFF-42A20AA1B524}.MinSizeRel|Win32.ActiveCfg = Debug|Win32
		{6173A766-0F31-4DBC-8EFF-42A20AA1B524}.MinSizeRel|Win32.Build.0 = Debug|Win32
		{6173A766-0F31-4DBC-8EFF-42A20AA1B524}.Release|Win32.ActiveCfg = Release|Win32
		{6173A766-0F31-4DBC-8EFF-42A20AA1B524}.Release|Win32.Build.0 = Release|Win32
		{6173A766-0F31-4DBC-8EFF-42A20AA1B524}.RelWithDebInfo|Win32.ActiveCfg = Release|Win32
		{6173A766-0F31-4DBC-8EFF-42A20AA1B524}.RelWithDebInfo|Win32.Build.0 = Release|Win32
		{0757E96C-D517-4BBA-8822-D7590B5B699A}.Debug|Win32.ActiveCfg = Debug|Win32
		{0757E96C-D517-4BBA-8822-D7590B5B699A}.Debug|Win32.Build.0 = Debug|Win32
		{0757E96C-D517-4BBA-8822-D7590B5B699A}.MinSizeRel|Win32.ActiveCfg = Debug|Win32
		{0757E96C-D517-4BBA-8822-D7590B5B699A}.MinSizeRel|Win32.Build.0 = Debug|Win32
		{0757E96C-D517-4BBA-8822-D7590B5B699A}.Release|Win32.ActiveCfg = Release|Win32
		{0757E96C-D517-4BBA-8822-D7590B5B699A}.Release|Win32.Build.0 = Release|Win32
		{0757E96C-D517-4BBA-8822-D7590B5B699A}.RelWithDebInfo|Win32.ActiveCfg = Release|Win32
		{0757E96C-D517-4BBA-8822-D7590B5B699A}.RelWithDebInfo|Win32.Build.0 = Release|Win32
		{49F837D0-23D4-4ADA-8728-1B8B4A494E87}.Debug|Win32.ActiveCfg = Debug|Win32
		{49F837D0-23D4-4ADA-8728-1B8B4A494E87}.Debug|Win32.Build.0 = Debug|Win32
		{49F837D0-23D4-4ADA-8728-1B8B4A494E87}.MinSizeRel|Win32.ActiveCfg = Debug|Win32
		{49F837D0-23D4-4ADA-8728-1B8B4A494E87}.MinSizeRel|Win32.Build.0 = Debug|Win32
		{49F837D0-23D4-4ADA-8728-1B8B4A494E87}.Release|Win32.ActiveCfg = Release|Win32
		{49F837D0-23D4-4ADA-8728-1B8B4A494E87}.Release|Win32.Build.0 = Release|Win32
		{49F837D0-23D4-4ADA-8728-1B8B4A494E87}.RelWithDebInfo|Win32.ActiveCfg = Release|Win32
		{49F837D0-23D4-4ADA-8728-1B8B4A494E87}.RelWithDebInfo|Win32.Build.0 = Release|Win32
	EndGlobalSection
	GlobalSection(SolutionProperties) = preSolution
		HideSolutionNode = FALSE
	EndGlobalSection
EndGlobal
